
Microsoft Visual Studio Solution File, Format Version 12.00
# Visual Studio Version 17
VisualStudioVersion = 17.5.2.0
MinimumVisualStudioVersion = 10.0.40219.1
Project("{FAE04EC0-301F-11D3-BF4B-00C04F79EFBC}") = "MicrosoftLearnCopilot", "MicrosoftLearnCopilot.csproj", "{7AD57BD4-DD70-DB96-C977-3606EFEF1996}"
EndProject
Project("{FAE04EC0-301F-11D3-BF4B-00C04F79EFBC}") = "MicrosoftLearnCopilot.Backend", "MicrosoftLearnCopilot.Backend\MicrosoftLearnCopilot.Backend.csproj", "{976CA7D7-1459-4A0E-B358-3817B7848460}"
EndProject
Global
	GlobalSection(SolutionConfigurationPlatforms) = preSolution
		Debug|Any CPU = Debug|Any CPU
		Debug|x64 = Debug|x64
		Debug|x86 = Debug|x86
		Release|Any CPU = Release|Any CPU
		Release|x64 = Release|x64
		Release|x86 = Release|x86
	EndGlobalSection
	GlobalSection(ProjectConfigurationPlatforms) = postSolution
		{7AD57BD4-DD70-DB96-C977-3606EFEF1996}.Debug|Any CPU.ActiveCfg = Debug|Any CPU
		{7AD57BD4-DD70-DB96-C977-3606EFEF1996}.Debug|Any CPU.Build.0 = Debug|Any CPU
		{7AD57BD4-DD70-DB96-C977-3606EFEF1996}.Debug|x64.ActiveCfg = Debug|Any CPU
		{7AD57BD4-DD70-DB96-C977-3606EFEF1996}.Debug|x64.Build.0 = Debug|Any CPU
		{7AD57BD4-DD70-DB96-C977-3606EFEF1996}.Debug|x86.ActiveCfg = Debug|Any CPU
		{7AD57BD4-DD70-DB96-C977-3606EFEF1996}.Debug|x86.Build.0 = Debug|Any CPU
		{7AD57BD4-DD70-DB96-C977-3606EFEF1996}.Release|Any CPU.ActiveCfg = Release|Any CPU
		{7AD57BD4-DD70-DB96-C977-3606EFEF1996}.Release|Any CPU.Build.0 = Release|Any CPU
		{7AD57BD4-DD70-DB96-C977-3606EFEF1996}.Release|x64.ActiveCfg = Release|Any CPU
		{7AD57BD4-DD70-DB96-C977-3606EFEF1996}.Release|x64.Build.0 = Release|Any CPU
		{7AD57BD4-DD70-DB96-C977-3606EFEF1996}.Release|x86.ActiveCfg = Release|Any CPU
		{7AD57BD4-DD70-DB96-C977-3606EFEF1996}.Release|x86.Build.0 = Release|Any CPU
		{976CA7D7-1459-4A0E-B358-3817B7848460}.Debug|Any CPU.ActiveCfg = Debug|Any CPU
		{976CA7D7-1459-4A0E-B358-3817B7848460}.Debug|Any CPU.Build.0 = Debug|Any CPU
		{976CA7D7-1459-4A0E-B358-3817B7848460}.Debug|x64.ActiveCfg = Debug|Any CPU
		{976CA7D7-1459-4A0E-B358-3817B7848460}.Debug|x64.Build.0 = Debug|Any CPU
		{976CA7D7-1459-4A0E-B358-3817B7848460}.Debug|x86.ActiveCfg = Debug|Any CPU
		{976CA7D7-1459-4A0E-B358-3817B7848460}.Debug|x86.Build.0 = Debug|Any CPU
		{976CA7D7-1459-4A0E-B358-3817B7848460}.Release|Any CPU.ActiveCfg = Release|Any CPU
		{976CA7D7-1459-4A0E-B358-3817B7848460}.Release|Any CPU.Build.0 = Release|Any CPU
		{976CA7D7-1459-4A0E-B358-3817B7848460}.Release|x64.ActiveCfg = Release|Any CPU
		{976CA7D7-1459-4A0E-B358-3817B7848460}.Release|x64.Build.0 = Release|Any CPU
		{976CA7D7-1459-4A0E-B358-3817B7848460}.Release|x86.ActiveCfg = Release|Any CPU
		{976CA7D7-1459-4A0E-B358-3817B7848460}.Release|x86.Build.0 = Release|Any CPU
	EndGlobalSection
	GlobalSection(SolutionProperties) = preSolution
		HideSolutionNode = FALSE
	EndGlobalSection
	GlobalSection(ExtensibilityGlobals) = postSolution
		SolutionGuid = {EFB7B055-975F-4ABF-BCAC-DD2481F27264}
	EndGlobalSection
EndGlobal
